// !$*UTF8*$!
{
	archiveVersion = 1;
	classes = {
	};
	objectVersion = 77;
	objects = {

/* Begin PBXBuildFile section */
		041A3A8F8095BDD541A7DF7C /* SSEEvent.swift in Sources */ = {isa = PBXBuildFile; fileRef = EFB317B4406A041F90794B01 /* SSEEvent.swift */; };
		101B3658665E2340938AC79D /* NewProjectView.swift in Sources */ = {isa = PBXBuildFile; fileRef = 88E47600F43F0E0BFDCF52A2 /* NewProjectView.swift */; };
		125FB49E2E500CA3160E2E02 /* SessionListView.swift in Sources */ = {isa = PBXBuildFile; fileRef = 711F8E065434123A06A5F3BF /* SessionListView.swift */; };
		1BE7CFD2A2693496406C6375 /* KeychainStore.swift in Sources */ = {isa = PBXBuildFile; fileRef = 0D9EAAB8433C1A93009891CD /* KeychainStore.swift */; };
		23DC65C1F28B47AC4EF31CC6 /* OpenCodeMobileApp.swift in Sources */ = {isa = PBXBuildFile; fileRef = 567E88F2363666A031228A75 /* OpenCodeMobileApp.swift */; };
		275C4DBF942631176F364987 /* HermesGatewaySocket.swift in Sources */ = {isa = PBXBuildFile; fileRef = 8FB0E0A605E00DC3A4B5F67B /* HermesGatewaySocket.swift */; };
		2934DF53867152AFEE8A5AD2 /* HermesModels.swift in Sources */ = {isa = PBXBuildFile; fileRef = 3A87AC84EC807D8AB36159EB /* HermesModels.swift */; };
		29F58599F277BE1D248CE000 /* ChatView.swift in Sources */ = {isa = PBXBuildFile; fileRef = 1E046DFA8ADBA8AD6D1B4CCD /* ChatView.swift */; };
		3B804AA7F764083A7001D5D5 /* ComposerView.swift in Sources */ = {isa = PBXBuildFile; fileRef = 347C735E80674D725AD0C112 /* ComposerView.swift */; };
		4AC63E39812724D6E7C3A464 /* OpenCodeClient.swift in Sources */ = {isa = PBXBuildFile; fileRef = 87EE6B04B68B1445F09B8DEE /* OpenCodeClient.swift */; };
		4F0BE68AEDFF203B36543F64 /* MCPListView.swift in Sources */ = {isa = PBXBuildFile; fileRef = 957FFA6396F281698D73AFA7 /* MCPListView.swift */; };
		54D7C1A934885931231C11C0 /* ProviderKeyView.swift in Sources */ = {isa = PBXBuildFile; fileRef = 2F9B580122CE52BFF9C9A2F0 /* ProviderKeyView.swift */; };
		5C2DF44DF0FF0D80899904B0 /* KeyboardDismiss.swift in Sources */ = {isa = PBXBuildFile; fileRef = 95DE54B44BAEBB9B1DCF37E1 /* KeyboardDismiss.swift */; };
		5F7550981D92E37AD6AC8503 /* PermissionDialogView.swift in Sources */ = {isa = PBXBuildFile; fileRef = 251395598E7F6CEA0D040894 /* PermissionDialogView.swift */; };
		6911AD092E0326CDA65A0FB9 /* Models.swift in Sources */ = {isa = PBXBuildFile; fileRef = 6563269D639EA8AD79E5AC7C /* Models.swift */; };
		6CB8FF5D41250F468ACBBAE0 /* OpenCodeAPI.swift in Sources */ = {isa = PBXBuildFile; fileRef = 81252A9EB3F8B6CE67107DC5 /* OpenCodeAPI.swift */; };
		6E1745647063B8C7A714A1DC /* MarkdownText.swift in Sources */ = {isa = PBXBuildFile; fileRef = F7B4ED02929BDDCAAFB3635B /* MarkdownText.swift */; };
		71CA68CDDAA8C5091F947906 /* PixelBrand.swift in Sources */ = {isa = PBXBuildFile; fileRef = 61EF92054F6ACB25F8510EE6 /* PixelBrand.swift */; };
		99473DECDDB51CD30EFEAB82 /* TransportAndProtocolTests.swift in Sources */ = {isa = PBXBuildFile; fileRef = 9156DEC2786D1616496F5E63 /* TransportAndProtocolTests.swift */; };
		A459470914B7CB0A2C4E4698 /* EventStream.swift in Sources */ = {isa = PBXBuildFile; fileRef = 8353F8CDA5CA3FA768296CD5 /* EventStream.swift */; };
		A6A597090E7D21D955EBB03F /* MessageRow.swift in Sources */ = {isa = PBXBuildFile; fileRef = F1DC8FBDBA46FC69ED8CEE29 /* MessageRow.swift */; };
		A71F4B6B3E8AED8CA2691157 /* RootView.swift in Sources */ = {isa = PBXBuildFile; fileRef = F5797611A30B8BFD42F9F6B6 /* RootView.swift */; };
		AD4A823126E2931DF075FFEA /* SettingsView.swift in Sources */ = {isa = PBXBuildFile; fileRef = DB382C0D50958613A1964B89 /* SettingsView.swift */; };
		AF17F6331D2CDC08B87AB4ED /* AppState.swift in Sources */ = {isa = PBXBuildFile; fileRef = 054FBD4935BFE319D0C7ECC3 /* AppState.swift */; };
		D32EB3F22EE4289FB737B511 /* Assets.xcassets in Resources */ = {isa = PBXBuildFile; fileRef = D54E837E0C713BBD3EC3D780 /* Assets.xcassets */; };
		DD39842D8FD4F69C43ADBB03 /* ProjectListView.swift in Sources */ = {isa = PBXBuildFile; fileRef = 15BD710B13E7D3DBC434C42B /* ProjectListView.swift */; };
		E9F93FFC860F5BE5BD7AFDAF /* QuickPanel.swift in Sources */ = {isa = PBXBuildFile; fileRef = 3989ED647C18989BFA12017A /* QuickPanel.swift */; };
		F209C750CB0BBF48111BE4CC /* HermesClient.swift in Sources */ = {isa = PBXBuildFile; fileRef = B7C26189622CC3C4660BD06E /* HermesClient.swift */; };
		F569111D6E3567C44051C0EB /* Theme.swift in Sources */ = {isa = PBXBuildFile; fileRef = F4E53F0525736C5651925AA0 /* Theme.swift */; };
/* End PBXBuildFile section */

/* Begin PBXContainerItemProxy section */
		1F3FCFDF1F4C6C0CC41E3064 /* PBXContainerItemProxy */ = {
			isa = PBXContainerItemProxy;
			containerPortal = D94A8D68CD66A3DCAF61A300 /* Project object */;
			proxyType = 1;
			remoteGlobalIDString = AA1C787C2374FDB3E925ACCA;
			remoteInfo = OpenCodeMobile;
		};
/* End PBXContainerItemProxy section */

/* Begin PBXFileReference section */
		02BD5A1787C82FD37BA3658A /* Info.plist */ = {isa = PBXFileReference; lastKnownFileType = text.plist; path = Info.plist; sourceTree = "<group>"; };
		054FBD4935BFE319D0C7ECC3 /* AppState.swift */ = {isa = PBXFileReference; lastKnownFileType = sourcecode.swift; path = AppState.swift; sourceTree = "<group>"; };
		0D9EAAB8433C1A93009891CD /* KeychainStore.swift */ = {isa = PBXFileReference; lastKnownFileType = sourcecode.swift; path = KeychainStore.swift; sourceTree = "<group>"; };
		133CD54590D3C5F1DF0341D2 /* OpenCodeMobileTests.xctest */ = {isa = PBXFileReference; includeInIndex = 0; lastKnownFileType = wrapper.cfbundle; path = OpenCodeMobileTests.xctest; sourceTree = BUILT_PRODUCTS_DIR; };
		15BD710B13E7D3DBC434C42B /* ProjectListView.swift */ = {isa = PBXFileReference; lastKnownFileType = sourcecode.swift; path = ProjectListView.swift; sourceTree = "<group>"; };
		1E046DFA8ADBA8AD6D1B4CCD /* ChatView.swift */ = {isa = PBXFileReference; lastKnownFileType = sourcecode.swift; path = ChatView.swift; sourceTree = "<group>"; };
		251395598E7F6CEA0D040894 /* PermissionDialogView.swift */ = {isa = PBXFileReference; lastKnownFileType = sourcecode.swift; path = PermissionDialogView.swift; sourceTree = "<group>"; };
		2F9B580122CE52BFF9C9A2F0 /* ProviderKeyView.swift */ = {isa = PBXFileReference; lastKnownFileType = sourcecode.swift; path = ProviderKeyView.swift; sourceTree = "<group>"; };
		347C735E80674D725AD0C112 /* ComposerView.swift */ = {isa = PBXFileReference; lastKnownFileType = sourcecode.swift; path = ComposerView.swift; sourceTree = "<group>"; };
		3989ED647C18989BFA12017A /* QuickPanel.swift */ = {isa = PBXFileReference; lastKnownFileType = sourcecode.swift; path = QuickPanel.swift; sourceTree = "<group>"; };
		3A87AC84EC807D8AB36159EB /* HermesModels.swift */ = {isa = PBXFileReference; lastKnownFileType = sourcecode.swift; path = HermesModels.swift; sourceTree = "<group>"; };
		567E88F2363666A031228A75 /* OpenCodeMobileApp.swift */ = {isa = PBXFileReference; lastKnownFileType = sourcecode.swift; path = OpenCodeMobileApp.swift; sourceTree = "<group>"; };
		61EF92054F6ACB25F8510EE6 /* PixelBrand.swift */ = {isa = PBXFileReference; lastKnownFileType = sourcecode.swift; path = PixelBrand.swift; sourceTree = "<group>"; };
		6563269D639EA8AD79E5AC7C /* Models.swift */ = {isa = PBXFileReference; lastKnownFileType = sourcecode.swift; path = Models.swift; sourceTree = "<group>"; };
		711F8E065434123A06A5F3BF /* SessionListView.swift */ = {isa = PBXFileReference; lastKnownFileType = sourcecode.swift; path = SessionListView.swift; sourceTree = "<group>"; };
		81252A9EB3F8B6CE67107DC5 /* OpenCodeAPI.swift */ = {isa = PBXFileReference; lastKnownFileType = sourcecode.swift; path = OpenCodeAPI.swift; sourceTree = "<group>"; };
		8353F8CDA5CA3FA768296CD5 /* EventStream.swift */ = {isa = PBXFileReference; lastKnownFileType = sourcecode.swift; path = EventStream.swift; sourceTree = "<group>"; };
		87EE6B04B68B1445F09B8DEE /* OpenCodeClient.swift */ = {isa = PBXFileReference; lastKnownFileType = sourcecode.swift; path = OpenCodeClient.swift; sourceTree = "<group>"; };
		88E47600F43F0E0BFDCF52A2 /* NewProjectView.swift */ = {isa = PBXFileReference; lastKnownFileType = sourcecode.swift; path = NewProjectView.swift; sourceTree = "<group>"; };
		8FB0E0A605E00DC3A4B5F67B /* HermesGatewaySocket.swift */ = {isa = PBXFileReference; lastKnownFileType = sourcecode.swift; path = HermesGatewaySocket.swift; sourceTree = "<group>"; };
		9156DEC2786D1616496F5E63 /* TransportAndProtocolTests.swift */ = {isa = PBXFileReference; lastKnownFileType = sourcecode.swift; path = TransportAndProtocolTests.swift; sourceTree = "<group>"; };
		957FFA6396F281698D73AFA7 /* MCPListView.swift */ = {isa = PBXFileReference; lastKnownFileType = sourcecode.swift; path = MCPListView.swift; sourceTree = "<group>"; };
		95DE54B44BAEBB9B1DCF37E1 /* KeyboardDismiss.swift */ = {isa = PBXFileReference; lastKnownFileType = sourcecode.swift; path = KeyboardDismiss.swift; sourceTree = "<group>"; };
		B7C26189622CC3C4660BD06E /* HermesClient.swift */ = {isa = PBXFileReference; lastKnownFileType = sourcecode.swift; path = HermesClient.swift; sourceTree = "<group>"; };
		BC7836B32C85D2401C8ACE3F /* OpenCodeMobile.app */ = {isa = PBXFileReference; explicitFileType = wrapper.application; includeInIndex = 0; path = OpenCodeMobile.app; sourceTree = BUILT_PRODUCTS_DIR; };
		D54E837E0C713BBD3EC3D780 /* Assets.xcassets */ = {isa = PBXFileReference; lastKnownFileType = folder.assetcatalog; path = Assets.xcassets; sourceTree = "<group>"; };
		DB382C0D50958613A1964B89 /* SettingsView.swift */ = {isa = PBXFileReference; lastKnownFileType = sourcecode.swift; path = SettingsView.swift; sourceTree = "<group>"; };
		EFB317B4406A041F90794B01 /* SSEEvent.swift */ = {isa = PBXFileReference; lastKnownFileType = sourcecode.swift; path = SSEEvent.swift; sourceTree = "<group>"; };
		F1DC8FBDBA46FC69ED8CEE29 /* MessageRow.swift */ = {isa = PBXFileReference; lastKnownFileType = sourcecode.swift; path = MessageRow.swift; sourceTree = "<group>"; };
		F4E53F0525736C5651925AA0 /* Theme.swift */ = {isa = PBXFileReference; lastKnownFileType = sourcecode.swift; path = Theme.swift; sourceTree = "<group>"; };
		F5797611A30B8BFD42F9F6B6 /* RootView.swift */ = {isa = PBXFileReference; lastKnownFileType = sourcecode.swift; path = RootView.swift; sourceTree = "<group>"; };
		F7B4ED02929BDDCAAFB3635B /* MarkdownText.swift */ = {isa = PBXFileReference; lastKnownFileType = sourcecode.swift; path = MarkdownText.swift; sourceTree = "<group>"; };
/* End PBXFileReference section */

/* Begin PBXGroup section */
		0CA0F69734360E0B528B8BFC /* Projects */ = {
			isa = PBXGroup;
			children = (
				88E47600F43F0E0BFDCF52A2 /* NewProjectView.swift */,
				15BD710B13E7D3DBC434C42B /* ProjectListView.swift */,
			);
			path = Projects;
			sourceTree = "<group>";
		};
		39F27B765553E3080CFFF044 /* Sessions */ = {
			isa = PBXGroup;
			children = (
				711F8E065434123A06A5F3BF /* SessionListView.swift */,
			);
			path = Sessions;
			sourceTree = "<group>";
		};
		43D3E5A0D1F3996F4198CAA5 /* Chat */ = {
			isa = PBXGroup;
			children = (
				1E046DFA8ADBA8AD6D1B4CCD /* ChatView.swift */,
				347C735E80674D725AD0C112 /* ComposerView.swift */,
				F7B4ED02929BDDCAAFB3635B /* MarkdownText.swift */,
				F1DC8FBDBA46FC69ED8CEE29 /* MessageRow.swift */,
				251395598E7F6CEA0D040894 /* PermissionDialogView.swift */,
				3989ED647C18989BFA12017A /* QuickPanel.swift */,
			);
			path = Chat;
			sourceTree = "<group>";
		};
		4432A48A10721239EBCA4FB9 /* App */ = {
			isa = PBXGroup;
			children = (
				054FBD4935BFE319D0C7ECC3 /* AppState.swift */,
				567E88F2363666A031228A75 /* OpenCodeMobileApp.swift */,
			);
			path = App;
			sourceTree = "<group>";
		};
		45AFC3CD970A8EDE1984E2D5 /* Views */ = {
			isa = PBXGroup;
			children = (
				95DE54B44BAEBB9B1DCF37E1 /* KeyboardDismiss.swift */,
				F5797611A30B8BFD42F9F6B6 /* RootView.swift */,
				43D3E5A0D1F3996F4198CAA5 /* Chat */,
				C821E861AF7F398DFDF6E76C /* MCP */,
				0CA0F69734360E0B528B8BFC /* Projects */,
				39F27B765553E3080CFFF044 /* Sessions */,
				B24EF4725FDE5446E6533DC7 /* Settings */,
			);
			path = Views;
			sourceTree = "<group>";
		};
		50F971325167F7E2EBA762E6 = {
			isa = PBXGroup;
			children = (
				F377F115016719CCFF321665 /* OpenCodeMobile */,
				E85E6A7BC70E2B55125FFA8C /* OpenCodeMobileTests */,
				6DBA0B4C184ACF02DE962979 /* Products */,
			);
			sourceTree = "<group>";
		};
		6DBA0B4C184ACF02DE962979 /* Products */ = {
			isa = PBXGroup;
			children = (
				BC7836B32C85D2401C8ACE3F /* OpenCodeMobile.app */,
				133CD54590D3C5F1DF0341D2 /* OpenCodeMobileTests.xctest */,
			);
			name = Products;
			sourceTree = "<group>";
		};
		A304DA3DF7C7715F39153C64 /* Theme */ = {
			isa = PBXGroup;
			children = (
				61EF92054F6ACB25F8510EE6 /* PixelBrand.swift */,
				F4E53F0525736C5651925AA0 /* Theme.swift */,
			);
			path = Theme;
			sourceTree = "<group>";
		};
		B24EF4725FDE5446E6533DC7 /* Settings */ = {
			isa = PBXGroup;
			children = (
				2F9B580122CE52BFF9C9A2F0 /* ProviderKeyView.swift */,
				DB382C0D50958613A1964B89 /* SettingsView.swift */,
			);
			path = Settings;
			sourceTree = "<group>";
		};
		C821E861AF7F398DFDF6E76C /* MCP */ = {
			isa = PBXGroup;
			children = (
				957FFA6396F281698D73AFA7 /* MCPListView.swift */,
			);
			path = MCP;
			sourceTree = "<group>";
		};
		D34BCE818BB0B1036526D817 /* Models */ = {
			isa = PBXGroup;
			children = (
				3A87AC84EC807D8AB36159EB /* HermesModels.swift */,
				6563269D639EA8AD79E5AC7C /* Models.swift */,
				EFB317B4406A041F90794B01 /* SSEEvent.swift */,
			);
			path = Models;
			sourceTree = "<group>";
		};
		DF37FA293F7818CB070193DD /* API */ = {
			isa = PBXGroup;
			children = (
				8353F8CDA5CA3FA768296CD5 /* EventStream.swift */,
				B7C26189622CC3C4660BD06E /* HermesClient.swift */,
				8FB0E0A605E00DC3A4B5F67B /* HermesGatewaySocket.swift */,
				0D9EAAB8433C1A93009891CD /* KeychainStore.swift */,
				81252A9EB3F8B6CE67107DC5 /* OpenCodeAPI.swift */,
				87EE6B04B68B1445F09B8DEE /* OpenCodeClient.swift */,
			);
			path = API;
			sourceTree = "<group>";
		};
		E85E6A7BC70E2B55125FFA8C /* OpenCodeMobileTests */ = {
			isa = PBXGroup;
			children = (
				9156DEC2786D1616496F5E63 /* TransportAndProtocolTests.swift */,
			);
			path = OpenCodeMobileTests;
			sourceTree = "<group>";
		};
		F377F115016719CCFF321665 /* OpenCodeMobile */ = {
			isa = PBXGroup;
			children = (
				D54E837E0C713BBD3EC3D780 /* Assets.xcassets */,
				02BD5A1787C82FD37BA3658A /* Info.plist */,
				DF37FA293F7818CB070193DD /* API */,
				4432A48A10721239EBCA4FB9 /* App */,
				D34BCE818BB0B1036526D817 /* Models */,
				A304DA3DF7C7715F39153C64 /* Theme */,
				45AFC3CD970A8EDE1984E2D5 /* Views */,
			);
			path = OpenCodeMobile;
			sourceTree = "<group>";
		};
/* End PBXGroup section */

/* Begin PBXNativeTarget section */
		AA1C787C2374FDB3E925ACCA /* OpenCodeMobile */ = {
			isa = PBXNativeTarget;
			buildConfigurationList = 6FA85B8C25E66DF7C331AD19 /* Build configuration list for PBXNativeTarget "OpenCodeMobile" */;
			buildPhases = (
				90D96A1E69F623C172D3E3DF /* Sources */,
				A29D992039FE8F066FE60C7F /* Resources */,
			);
			buildRules = (
			);
			dependencies = (
			);
			name = OpenCodeMobile;
			packageProductDependencies = (
			);
			productName = OpenCodeMobile;
			productReference = BC7836B32C85D2401C8ACE3F /* OpenCodeMobile.app */;
			productType = "com.apple.product-type.application";
		};
		F5263A9FBB5143D984883BB3 /* OpenCodeMobileTests */ = {
			isa = PBXNativeTarget;
			buildConfigurationList = D5889F90BDA29CCF5597BFF5 /* Build configuration list for PBXNativeTarget "OpenCodeMobileTests" */;
			buildPhases = (
				7B40C41AF1ECCC8907BEEC7E /* Sources */,
			);
			buildRules = (
			);
			dependencies = (
				CDAEEBF813434378F433C9DC /* PBXTargetDependency */,
			);
			name = OpenCodeMobileTests;
			packageProductDependencies = (
			);
			productName = OpenCodeMobileTests;
			productReference = 133CD54590D3C5F1DF0341D2 /* OpenCodeMobileTests.xctest */;
			productType = "com.apple.product-type.bundle.unit-test";
		};
/* End PBXNativeTarget section */

/* Begin PBXProject section */
		D94A8D68CD66A3DCAF61A300 /* Project object */ = {
			isa = PBXProject;
			attributes = {
				BuildIndependentTargetsInParallel = YES;
				LastUpgradeCheck = 1430;
				TargetAttributes = {
					AA1C787C2374FDB3E925ACCA = {
						ProvisioningStyle = Automatic;
					};
					F5263A9FBB5143D984883BB3 = {
						ProvisioningStyle = Automatic;
					};
				};
			};
			buildConfigurationList = 6BF1CB092C2D62F059180E46 /* Build configuration list for PBXProject "OpenCodeMobile" */;
			developmentRegion = en;
			hasScannedForEncodings = 0;
			knownRegions = (
				Base,
				en,
			);
			mainGroup = 50F971325167F7E2EBA762E6;
			minimizedProjectReferenceProxies = 1;
			preferredProjectObjectVersion = 77;
			productRefGroup = 6DBA0B4C184ACF02DE962979 /* Products */;
			projectDirPath = "";
			projectRoot = "";
			targets = (
				AA1C787C2374FDB3E925ACCA /* OpenCodeMobile */,
				F5263A9FBB5143D984883BB3 /* OpenCodeMobileTests */,
			);
		};
/* End PBXProject section */

/* Begin PBXResourcesBuildPhase section */
		A29D992039FE8F066FE60C7F /* Resources */ = {
			isa = PBXResourcesBuildPhase;
			buildActionMask = 2147483647;
			files = (
				D32EB3F22EE4289FB737B511 /* Assets.xcassets in Resources */,
			);
			runOnlyForDeploymentPostprocessing = 0;
		};
/* End PBXResourcesBuildPhase section */

/* Begin PBXSourcesBuildPhase section */
		7B40C41AF1ECCC8907BEEC7E /* Sources */ = {
			isa = PBXSourcesBuildPhase;
			buildActionMask = 2147483647;
			files = (
				99473DECDDB51CD30EFEAB82 /* TransportAndProtocolTests.swift in Sources */,
			);
			runOnlyForDeploymentPostprocessing = 0;
		};
		90D96A1E69F623C172D3E3DF /* Sources */ = {
			isa = PBXSourcesBuildPhase;
			buildActionMask = 2147483647;
			files = (
				AF17F6331D2CDC08B87AB4ED /* AppState.swift in Sources */,
				29F58599F277BE1D248CE000 /* ChatView.swift in Sources */,
				3B804AA7F764083A7001D5D5 /* ComposerView.swift in Sources */,
				A459470914B7CB0A2C4E4698 /* EventStream.swift in Sources */,
				F209C750CB0BBF48111BE4CC /* HermesClient.swift in Sources */,
				275C4DBF942631176F364987 /* HermesGatewaySocket.swift in Sources */,
				2934DF53867152AFEE8A5AD2 /* HermesModels.swift in Sources */,
				5C2DF44DF0FF0D80899904B0 /* KeyboardDismiss.swift in Sources */,
				1BE7CFD2A2693496406C6375 /* KeychainStore.swift in Sources */,
				4F0BE68AEDFF203B36543F64 /* MCPListView.swift in Sources */,
				6E1745647063B8C7A714A1DC /* MarkdownText.swift in Sources */,
				A6A597090E7D21D955EBB03F /* MessageRow.swift in Sources */,
				6911AD092E0326CDA65A0FB9 /* Models.swift in Sources */,
				101B3658665E2340938AC79D /* NewProjectView.swift in Sources */,
				6CB8FF5D41250F468ACBBAE0 /* OpenCodeAPI.swift in Sources */,
				4AC63E39812724D6E7C3A464 /* OpenCodeClient.swift in Sources */,
				23DC65C1F28B47AC4EF31CC6 /* OpenCodeMobileApp.swift in Sources */,
				5F7550981D92E37AD6AC8503 /* PermissionDialogView.swift in Sources */,
				71CA68CDDAA8C5091F947906 /* PixelBrand.swift in Sources */,
				DD39842D8FD4F69C43ADBB03 /* ProjectListView.swift in Sources */,
				54D7C1A934885931231C11C0 /* ProviderKeyView.swift in Sources */,
				E9F93FFC860F5BE5BD7AFDAF /* QuickPanel.swift in Sources */,
				A71F4B6B3E8AED8CA2691157 /* RootView.swift in Sources */,
				041A3A8F8095BDD541A7DF7C /* SSEEvent.swift in Sources */,
				125FB49E2E500CA3160E2E02 /* SessionListView.swift in Sources */,
				AD4A823126E2931DF075FFEA /* SettingsView.swift in Sources */,
				F569111D6E3567C44051C0EB /* Theme.swift in Sources */,
			);
			runOnlyForDeploymentPostprocessing = 0;
		};
/* End PBXSourcesBuildPhase section */

/* Begin PBXTargetDependency section */
		CDAEEBF813434378F433C9DC /* PBXTargetDependency */ = {
			isa = PBXTargetDependency;
			target = AA1C787C2374FDB3E925ACCA /* OpenCodeMobile */;
			targetProxy = 1F3FCFDF1F4C6C0CC41E3064 /* PBXContainerItemProxy */;
		};
/* End PBXTargetDependency section */

/* Begin XCBuildConfiguration section */
		02E4FEB8E5CCEE4B78D7EEB4 /* Debug */ = {
			isa = XCBuildConfiguration;
			buildSettings = {
				ASSETCATALOG_COMPILER_APPICON_NAME = AppIcon;
				CODE_SIGN_IDENTITY = "iPhone Developer";
				ENABLE_PREVIEWS = YES;
				GENERATE_INFOPLIST_FILE = YES;
				INFOPLIST_FILE = OpenCodeMobile/Info.plist;
				INFOPLIST_KEY_CFBundleDisplayName = OpenCode;
				INFOPLIST_KEY_NSAppTransportSecurity = YES;
				INFOPLIST_KEY_NSLocalNetworkUsageDescription = "Connects to your OpenCode server over the local network.";
				INFOPLIST_KEY_UIApplicationSceneManifest_Generation = YES;
				INFOPLIST_KEY_UILaunchScreen_Generation = YES;
				INFOPLIST_KEY_UISupportedInterfaceOrientations = "UIInterfaceOrientationPortrait UIInterfaceOrientationLandscapeLeft UIInterfaceOrientationLandscapeRight";
				INFOPLIST_KEY_UISupportedInterfaceOrientations_iPad = "UIInterfaceOrientationPortrait UIInterfaceOrientationPortraitUpsideDown UIInterfaceOrientationLandscapeLeft UIInterfaceOrientationLandscapeRight";
				INFOPLIST_KEY_UIUserInterfaceStyle = Dark;
				LD_RUNPATH_SEARCH_PATHS = (
					"$(inherited)",
					"@executable_path/Frameworks",
				);
				PRODUCT_BUNDLE_IDENTIFIER = dev.opencodemobile.app;
				SDKROOT = iphoneos;
				TARGETED_DEVICE_FAMILY = "1,2";
			};
			name = Debug;
		};
		5F56CBB9F1A71F80430287D0 /* Release */ = {
			isa = XCBuildConfiguration;
			buildSettings = {
				BUNDLE_LOADER = "$(TEST_HOST)";
				GENERATE_INFOPLIST_FILE = YES;
				LD_RUNPATH_SEARCH_PATHS = (
					"$(inherited)",
					"@executable_path/Frameworks",
					"@loader_path/Frameworks",
				);
				PRODUCT_BUNDLE_IDENTIFIER = dev.opencodemobile.tests;
				SDKROOT = iphoneos;
				TARGETED_DEVICE_FAMILY = "1,2";
				TEST_HOST = "$(BUILT_PRODUCTS_DIR)/OpenCodeMobile.app/OpenCodeMobile";
			};
			name = Release;
		};
		6B63AE1E9ED83FA3891985A7 /* Release */ = {
			isa = XCBuildConfiguration;
			buildSettings = {
				ASSETCATALOG_COMPILER_APPICON_NAME = AppIcon;
				CODE_SIGN_IDENTITY = "iPhone Developer";
				ENABLE_PREVIEWS = YES;
				GENERATE_INFOPLIST_FILE = YES;
				INFOPLIST_FILE = OpenCodeMobile/Info.plist;
				INFOPLIST_KEY_CFBundleDisplayName = OpenCode;
				INFOPLIST_KEY_NSAppTransportSecurity = YES;
				INFOPLIST_KEY_NSLocalNetworkUsageDescription = "Connects to your OpenCode server over the local network.";
				INFOPLIST_KEY_UIApplicationSceneManifest_Generation = YES;
				INFOPLIST_KEY_UILaunchScreen_Generation = YES;
				INFOPLIST_KEY_UISupportedInterfaceOrientations = "UIInterfaceOrientationPortrait UIInterfaceOrientationLandscapeLeft UIInterfaceOrientationLandscapeRight";
				INFOPLIST_KEY_UISupportedInterfaceOrientations_iPad = "UIInterfaceOrientationPortrait UIInterfaceOrientationPortraitUpsideDown UIInterfaceOrientationLandscapeLeft UIInterfaceOrientationLandscapeRight";
				INFOPLIST_KEY_UIUserInterfaceStyle = Dark;
				LD_RUNPATH_SEARCH_PATHS = (
					"$(inherited)",
					"@executable_path/Frameworks",
				);
				PRODUCT_BUNDLE_IDENTIFIER = dev.opencodemobile.app;
				SDKROOT = iphoneos;
				TARGETED_DEVICE_FAMILY = "1,2";
			};
			name = Release;
		};
		B4E5C0A7A31781D349138BD2 /* Debug */ = {
			isa = XCBuildConfiguration;
			buildSettings = {
				ALWAYS_SEARCH_USER_PATHS = NO;
				CLANG_ANALYZER_NONNULL = YES;
				CLANG_ANALYZER_NUMBER_OBJECT_CONVERSION = YES_AGGRESSIVE;
				CLANG_CXX_LANGUAGE_STANDARD = "gnu++14";
				CLANG_CXX_LIBRARY = "libc++";
				CLANG_ENABLE_MODULES = YES;
				CLANG_ENABLE_OBJC_ARC = YES;
				CLANG_ENABLE_OBJC_WEAK = YES;
				CLANG_WARN_BLOCK_CAPTURE_AUTORELEASING = YES;
				CLANG_WARN_BOOL_CONVERSION = YES;
				CLANG_WARN_COMMA = YES;
				CLANG_WARN_CONSTANT_CONVERSION = YES;
				CLANG_WARN_DEPRECATED_OBJC_IMPLEMENTATIONS = YES;
				CLANG_WARN_DIRECT_OBJC_ISA_USAGE = YES_ERROR;
				CLANG_WARN_DOCUMENTATION_COMMENTS = YES;
				CLANG_WARN_EMPTY_BODY = YES;
				CLANG_WARN_ENUM_CONVERSION = YES;
				CLANG_WARN_INFINITE_RECURSION = YES;
				CLANG_WARN_INT_CONVERSION = YES;
				CLANG_WARN_NON_LITERAL_NULL_CONVERSION = YES;
				CLANG_WARN_OBJC_IMPLICIT_RETAIN_SELF = YES;
				CLANG_WARN_OBJC_LITERAL_CONVERSION = YES;
				CLANG_WARN_OBJC_ROOT_CLASS = YES_ERROR;
				CLANG_WARN_QUOTED_INCLUDE_IN_FRAMEWORK_HEADER = YES;
				CLANG_WARN_RANGE_LOOP_ANALYSIS = YES;
				CLANG_WARN_STRICT_PROTOTYPES = YES;
				CLANG_WARN_SUSPICIOUS_MOVE = YES;
				CLANG_WARN_UNGUARDED_AVAILABILITY = YES_AGGRESSIVE;
				CLANG_WARN_UNREACHABLE_CODE = YES;
				CLANG_WARN__DUPLICATE_METHOD_MATCH = YES;
				CODE_SIGN_STYLE = Automatic;
				COPY_PHASE_STRIP = NO;
				CURRENT_PROJECT_VERSION = 1;
				DEBUG_INFORMATION_FORMAT = dwarf;
				ENABLE_STRICT_OBJC_MSGSEND = YES;
				ENABLE_TESTABILITY = YES;
				GCC_C_LANGUAGE_STANDARD = gnu11;
				GCC_DYNAMIC_NO_PIC = NO;
				GCC_NO_COMMON_BLOCKS = YES;
				GCC_OPTIMIZATION_LEVEL = 0;
				GCC_PREPROCESSOR_DEFINITIONS = (
					"$(inherited)",
					"DEBUG=1",
				);
				GCC_WARN_64_TO_32_BIT_CONVERSION = YES;
				GCC_WARN_ABOUT_RETURN_TYPE = YES_ERROR;
				GCC_WARN_UNDECLARED_SELECTOR = YES;
				GCC_WARN_UNINITIALIZED_AUTOS = YES_AGGRESSIVE;
				GCC_WARN_UNUSED_FUNCTION = YES;
				GCC_WARN_UNUSED_VARIABLE = YES;
				IPHONEOS_DEPLOYMENT_TARGET = 17.0;
				MARKETING_VERSION = 0.1.0;
				MTL_ENABLE_DEBUG_INFO = INCLUDE_SOURCE;
				MTL_FAST_MATH = YES;
				ONLY_ACTIVE_ARCH = YES;
				PRODUCT_NAME = "$(TARGET_NAME)";
				SDKROOT = iphoneos;
				SWIFT_ACTIVE_COMPILATION_CONDITIONS = DEBUG;
				SWIFT_OPTIMIZATION_LEVEL = "-Onone";
				SWIFT_STRICT_CONCURRENCY = minimal;
				SWIFT_VERSION = 5.10;
				TARGETED_DEVICE_FAMILY = "1,2";
			};
			name = Debug;
		};
		B88C126B7721954FE39F3101 /* Release */ = {
			isa = XCBuildConfiguration;
			buildSettings = {
				ALWAYS_SEARCH_USER_PATHS = NO;
				CLANG_ANALYZER_NONNULL = YES;
				CLANG_ANALYZER_NUMBER_OBJECT_CONVERSION = YES_AGGRESSIVE;
				CLANG_CXX_LANGUAGE_STANDARD = "gnu++14";
				CLANG_CXX_LIBRARY = "libc++";
				CLANG_ENABLE_MODULES = YES;
				CLANG_ENABLE_OBJC_ARC = YES;
				CLANG_ENABLE_OBJC_WEAK = YES;
				CLANG_WARN_BLOCK_CAPTURE_AUTORELEASING = YES;
				CLANG_WARN_BOOL_CONVERSION = YES;
				CLANG_WARN_COMMA = YES;
				CLANG_WARN_CONSTANT_CONVERSION = YES;
				CLANG_WARN_DEPRECATED_OBJC_IMPLEMENTATIONS = YES;
				CLANG_WARN_DIRECT_OBJC_ISA_USAGE = YES_ERROR;
				CLANG_WARN_DOCUMENTATION_COMMENTS = YES;
				CLANG_WARN_EMPTY_BODY = YES;
				CLANG_WARN_ENUM_CONVERSION = YES;
				CLANG_WARN_INFINITE_RECURSION = YES;
				CLANG_WARN_INT_CONVERSION = YES;
				CLANG_WARN_NON_LITERAL_NULL_CONVERSION = YES;
				CLANG_WARN_OBJC_IMPLICIT_RETAIN_SELF = YES;
				CLANG_WARN_OBJC_LITERAL_CONVERSION = YES;
				CLANG_WARN_OBJC_ROOT_CLASS = YES_ERROR;
				CLANG_WARN_QUOTED_INCLUDE_IN_FRAMEWORK_HEADER = YES;
				CLANG_WARN_RANGE_LOOP_ANALYSIS = YES;
				CLANG_WARN_STRICT_PROTOTYPES = YES;
				CLANG_WARN_SUSPICIOUS_MOVE = YES;
				CLANG_WARN_UNGUARDED_AVAILABILITY = YES_AGGRESSIVE;
				CLANG_WARN_UNREACHABLE_CODE = YES;
				CLANG_WARN__DUPLICATE_METHOD_MATCH = YES;
				CODE_SIGN_STYLE = Automatic;
				COPY_PHASE_STRIP = NO;
				CURRENT_PROJECT_VERSION = 1;
				DEBUG_INFORMATION_FORMAT = "dwarf-with-dsym";
				ENABLE_NS_ASSERTIONS = NO;
				ENABLE_STRICT_OBJC_MSGSEND = YES;
				GCC_C_LANGUAGE_STANDARD = gnu11;
				GCC_NO_COMMON_BLOCKS = YES;
				GCC_WARN_64_TO_32_BIT_CONVERSION = YES;
				GCC_WARN_ABOUT_RETURN_TYPE = YES_ERROR;
				GCC_WARN_UNDECLARED_SELECTOR = YES;
				GCC_WARN_UNINITIALIZED_AUTOS = YES_AGGRESSIVE;
				GCC_WARN_UNUSED_FUNCTION = YES;
				GCC_WARN_UNUSED_VARIABLE = YES;
				IPHONEOS_DEPLOYMENT_TARGET = 17.0;
				MARKETING_VERSION = 0.1.0;
				MTL_ENABLE_DEBUG_INFO = NO;
				MTL_FAST_MATH = YES;
				PRODUCT_NAME = "$(TARGET_NAME)";
				SDKROOT = iphoneos;
				SWIFT_COMPILATION_MODE = wholemodule;
				SWIFT_OPTIMIZATION_LEVEL = "-O";
				SWIFT_STRICT_CONCURRENCY = minimal;
				SWIFT_VERSION = 5.10;
				TARGETED_DEVICE_FAMILY = "1,2";
			};
			name = Release;
		};
		C34536B2DD7F3E337FB2EA13 /* Debug */ = {
			isa = XCBuildConfiguration;
			buildSettings = {
				BUNDLE_LOADER = "$(TEST_HOST)";
				GENERATE_INFOPLIST_FILE = YES;
				LD_RUNPATH_SEARCH_PATHS = (
					"$(inherited)",
					"@executable_path/Frameworks",
					"@loader_path/Frameworks",
				);
				PRODUCT_BUNDLE_IDENTIFIER = dev.opencodemobile.tests;
				SDKROOT = iphoneos;
				TARGETED_DEVICE_FAMILY = "1,2";
				TEST_HOST = "$(BUILT_PRODUCTS_DIR)/OpenCodeMobile.app/OpenCodeMobile";
			};
			name = Debug;
		};
/* End XCBuildConfiguration section */

/* Begin XCConfigurationList section */
		6BF1CB092C2D62F059180E46 /* Build configuration list for PBXProject "OpenCodeMobile" */ = {
			isa = XCConfigurationList;
			buildConfigurations = (
				B4E5C0A7A31781D349138BD2 /* Debug */,
				B88C126B7721954FE39F3101 /* Release */,
			);
			defaultConfigurationIsVisible = 0;
			defaultConfigurationName = Debug;
		};
		6FA85B8C25E66DF7C331AD19 /* Build configuration list for PBXNativeTarget "OpenCodeMobile" */ = {
			isa = XCConfigurationList;
			buildConfigurations = (
				02E4FEB8E5CCEE4B78D7EEB4 /* Debug */,
				6B63AE1E9ED83FA3891985A7 /* Release */,
			);
			defaultConfigurationIsVisible = 0;
			defaultConfigurationName = Debug;
		};
		D5889F90BDA29CCF5597BFF5 /* Build configuration list for PBXNativeTarget "OpenCodeMobileTests" */ = {
			isa = XCConfigurationList;
			buildConfigurations = (
				C34536B2DD7F3E337FB2EA13 /* Debug */,
				5F56CBB9F1A71F80430287D0 /* Release */,
			);
			defaultConfigurationIsVisible = 0;
			defaultConfigurationName = Debug;
		};
/* End XCConfigurationList section */
	};
	rootObject = D94A8D68CD66A3DCAF61A300 /* Project object */;
}
